// !$*UTF8*$!
{
	archiveVersion = 1;
	classes = {
	};
	objectVersion = 77;
	objects = {

/* Begin PBXBuildFile section */
		5451045D2EC93BD600189D90 /* FirebaseAnalytics in Frameworks */ = {isa = PBXBuildFile; productRef = 5451045C2EC93BD600189D90 /* FirebaseAnalytics */; };
		5451045F2EC93BD600189D90 /* FirebaseAuth in Frameworks */ = {isa = PBXBuildFile; productRef = 5451045E2EC93BD600189D90 /* FirebaseAuth */; };
		545104612EC93BD600189D90 /* FirebaseDatabase in Frameworks */ = {isa = PBXBuildFile; productRef = 545104602EC93BD600189D90 /* FirebaseDatabase */; };
		545104632EC93BD600189D90 /* FirebaseFirestore in Frameworks */ = {isa = PBXBuildFile; productRef = 545104622EC93BD600189D90 /* FirebaseFirestore */; };
		545104652EC93BD600189D90 /* FirebaseMessaging in Frameworks */ = {isa = PBXBuildFile; productRef = 545104642EC93BD600189D90 /* FirebaseMessaging */; };
		545104672EC93BD600189D90 /* FirebaseStorage in Frameworks */ = {isa = PBXBuildFile; productRef = 545104662EC93BD600189D90 /* FirebaseStorage */; };
		545104722EC9558800189D90 /* Alamofire in Frameworks */ = {isa = PBXBuildFile; productRef = 545104712EC9558800189D90 /* Alamofire */; };
/* End PBXBuildFile section */

/* Begin PBXContainerItemProxy section */
		5451040F2EC913B100189D90 /* PBXContainerItemProxy */ = {
			isa = PBXContainerItemProxy;
			containerPortal = 545103F02EC913AF00189D90 /* Project object */;
			proxyType = 1;
			remoteGlobalIDString = 545103F72EC913AF00189D90;
			remoteInfo = ReadAndRoad;
		};
		545104192EC913B100189D90 /* PBXContainerItemProxy */ = {
			isa = PBXContainerItemProxy;
			containerPortal = 545103F02EC913AF00189D90 /* Project object */;
			proxyType = 1;
			remoteGlobalIDString = 545103F72EC913AF00189D90;
			remoteInfo = ReadAndRoad;
		};
/* End PBXContainerItemProxy section */

/* Begin PBXFileReference section */
		545103F82EC913AF00189D90 /* ReadAndRoad.app */ = {isa = PBXFileReference; explicitFileType = wrapper.application; includeInIndex = 0; path = ReadAndRoad.app; sourceTree = BUILT_PRODUCTS_DIR; };
		5451040E2EC913B100189D90 /* ReadAndRoadTests.xctest */ = {isa = PBXFileReference; explicitFileType = wrapper.cfbundle; includeInIndex = 0; path = ReadAndRoadTests.xctest; sourceTree = BUILT_PRODUCTS_DIR; };
		545104182EC913B100189D90 /* ReadAndRoadUITests.xctest */ = {isa = PBXFileReference; explicitFileType = wrapper.cfbundle; includeInIndex = 0; path = ReadAndRoadUITests.xctest; sourceTree = BUILT_PRODUCTS_DIR; };
/* End PBXFileReference section */

/* Begin PBXFileSystemSynchronizedBuildFileExceptionSet section */
		545104202EC913B100189D90 /* Exceptions for "ReadAndRoad" folder in "ReadAndRoad" target */ = {
			isa = PBXFileSystemSynchronizedBuildFileExceptionSet;
			membershipExceptions = (
				Info.plist,
			);
			target = 545103F72EC913AF00189D90 /* ReadAndRoad */;
		};
/* End PBXFileSystemSynchronizedBuildFileExceptionSet section */

/* Begin PBXFileSystemSynchronizedRootGroup section */
		545103FA2EC913AF00189D90 /* ReadAndRoad */ = {
			isa = PBXFileSystemSynchronizedRootGroup;
			exceptions = (
				545104202EC913B100189D90 /* Exceptions for "ReadAndRoad" folder in "ReadAndRoad" target */,
			);
			path = ReadAndRoad;
			sourceTree = "<group>";
		};
		545104112EC913B100189D90 /* ReadAndRoadTests */ = {
			isa = PBXFileSystemSynchronizedRootGroup;
			path = ReadAndRoadTests;
			sourceTree = "<group>";
		};
		5451041B2EC913B100189D90 /* ReadAndRoadUITests */ = {
			isa = PBXFileSystemSynchronizedRootGroup;
			path = ReadAndRoadUITests;
			sourceTree = "<group>";
		};
/* End PBXFileSystemSynchronizedRootGroup section */

/* Begin PBXFrameworksBuildPhase section */
		545103F52EC913AF00189D90 /* Frameworks */ = {
			isa = PBXFrameworksBuildPhase;
			buildActionMask = 2147483647;
			files = (
				545104612EC93BD600189D90 /* FirebaseDatabase in Frameworks */,
				545104722EC9558800189D90 /* Alamofire in Frameworks */,
				545104632EC93BD600189D90 /* FirebaseFirestore in Frameworks */,
				545104652EC93BD600189D90 /* FirebaseMessaging in Frameworks */,
				5451045D2EC93BD600189D90 /* FirebaseAnalytics in Frameworks */,
				5451045F2EC93BD600189D90 /* FirebaseAuth in Frameworks */,
				545104672EC93BD600189D90 /* FirebaseStorage in Frameworks */,
			);
			runOnlyForDeploymentPostprocessing = 0;
		};
		5451040B2EC913B100189D90 /* Frameworks */ = {
			isa = PBXFrameworksBuildPhase;
			buildActionMask = 2147483647;
			files = (
			);
			runOnlyForDeploymentPostprocessing = 0;
		};
		545104152EC913B100189D90 /* Frameworks */ = {
			isa = PBXFrameworksBuildPhase;
			buildActionMask = 2147483647;
			files = (
			);
			runOnlyForDeploymentPostprocessing = 0;
		};
/* End PBXFrameworksBuildPhase section */

/* Begin PBXGroup section */
		545103EF2EC913AF00189D90 = {
			isa = PBXGroup;
			children = (
				545103FA2EC913AF00189D90 /* ReadAndRoad */,
				545104112EC913B100189D90 /* ReadAndRoadTests */,
				5451041B2EC913B100189D90 /* ReadAndRoadUITests */,
				545103F92EC913AF00189D90 /* Products */,
			);
			sourceTree = "<group>";
		};
		545103F92EC913AF00189D90 /* Products */ = {
			isa = PBXGroup;
			children = (
				545103F82EC913AF00189D90 /* ReadAndRoad.app */,
				5451040E2EC913B100189D90 /* ReadAndRoadTests.xctest */,
				545104182EC913B100189D90 /* ReadAndRoadUITests.xctest */,
			);
			name = Products;
			sourceTree = "<group>";
		};
/* End PBXGroup section */

/* Begin PBXNativeTarget section */
		545103F72EC913AF00189D90 /* ReadAndRoad */ = {
			isa = PBXNativeTarget;
			buildConfigurationList = 545104212EC913B100189D90 /* Build configuration list for PBXNativeTarget "ReadAndRoad" */;
			buildPhases = (
				545103F42EC913AF00189D90 /* Sources */,
				545103F52EC913AF00189D90 /* Frameworks */,
				545103F62EC913AF00189D90 /* Resources */,
			);
			buildRules = (
			);
			dependencies = (
			);
			fileSystemSynchronizedGroups = (
				545103FA2EC913AF00189D90 /* ReadAndRoad */,
			);
			name = ReadAndRoad;
			packageProductDependencies = (
				5451045C2EC93BD600189D90 /* FirebaseAnalytics */,
				5451045E2EC93BD600189D90 /* FirebaseAuth */,
				545104602EC93BD600189D90 /* FirebaseDatabase */,
				545104622EC93BD600189D90 /* FirebaseFirestore */,
				545104642EC93BD600189D90 /* FirebaseMessaging */,
				545104662EC93BD600189D90 /* FirebaseStorage */,
				545104712EC9558800189D90 /* Alamofire */,
			);
			productName = ReadAndRoad;
			productReference = 545103F82EC913AF00189D90 /* ReadAndRoad.app */;
			productType = "com.apple.product-type.application";
		};
		5451040D2EC913B100189D90 /* ReadAndRoadTests */ = {
			isa = PBXNativeTarget;
			buildConfigurationList = 545104262EC913B100189D90 /* Build configuration list for PBXNativeTarget "ReadAndRoadTests" */;
			buildPhases = (
				5451040A2EC913B100189D90 /* Sources */,
				5451040B2EC913B100189D90 /* Frameworks */,
				5451040C2EC913B100189D90 /* Resources */,
			);
			buildRules = (
			);
			dependencies = (
				545104102EC913B100189D90 /* PBXTargetDependency */,
			);
			fileSystemSynchronizedGroups = (
				545104112EC913B100189D90 /* ReadAndRoadTests */,
			);
			name = ReadAndRoadTests;
			packageProductDependencies = (
			);
			productName = ReadAndRoadTests;
			productReference = 5451040E2EC913B100189D90 /* ReadAndRoadTests.xctest */;
			productType = "com.apple.product-type.bundle.unit-test";
		};
		545104172EC913B100189D90 /* ReadAndRoadUITests */ = {
			isa = PBXNativeTarget;
			buildConfigurationList = 545104292EC913B100189D90 /* Build configuration list for PBXNativeTarget "ReadAndRoadUITests" */;
			buildPhases = (
				545104142EC913B100189D90 /* Sources */,
				545104152EC913B100189D90 /* Frameworks */,
				545104162EC913B100189D90 /* Resources */,
			);
			buildRules = (
			);
			dependencies = (
				5451041A2EC913B100189D90 /* PBXTargetDependency */,
			);
			fileSystemSynchronizedGroups = (
				5451041B2EC913B100189D90 /* ReadAndRoadUITests */,
			);
			name = ReadAndRoadUITests;
			packageProductDependencies = (
			);
			productName = ReadAndRoadUITests;
			productReference = 545104182EC913B100189D90 /* ReadAndRoadUITests.xctest */;
			productType = "com.apple.product-type.bundle.ui-testing";
		};
/* End PBXNativeTarget section */

/* Begin PBXProject section */
		545103F02EC913AF00189D90 /* Project object */ = {
			isa = PBXProject;
			attributes = {
				BuildIndependentTargetsInParallel = 1;
				LastSwiftUpdateCheck = 1620;
				LastUpgradeCheck = 1620;
				TargetAttributes = {
					545103F72EC913AF00189D90 = {
						CreatedOnToolsVersion = 16.2;
					};
					5451040D2EC913B100189D90 = {
						CreatedOnToolsVersion = 16.2;
						TestTargetID = 545103F72EC913AF00189D90;
					};
					545104172EC913B100189D90 = {
						CreatedOnToolsVersion = 16.2;
						TestTargetID = 545103F72EC913AF00189D90;
					};
				};
			};
			buildConfigurationList = 545103F32EC913AF00189D90 /* Build configuration list for PBXProject "ReadAndRoad" */;
			developmentRegion = en;
			hasScannedForEncodings = 0;
			knownRegions = (
				en,
				Base,
			);
			mainGroup = 545103EF2EC913AF00189D90;
			minimizedProjectReferenceProxies = 1;
			packageReferences = (
				5451045B2EC93BD600189D90 /* XCRemoteSwiftPackageReference "firebase-ios-sdk" */,
				545104702EC9558800189D90 /* XCRemoteSwiftPackageReference "Alamofire" */,
			);
			preferredProjectObjectVersion = 77;
			productRefGroup = 545103F92EC913AF00189D90 /* Products */;
			projectDirPath = "";
			projectRoot = "";
			targets = (
				545103F72EC913AF00189D90 /* ReadAndRoad */,
				5451040D2EC913B100189D90 /* ReadAndRoadTests */,
				545104172EC913B100189D90 /* ReadAndRoadUITests */,
			);
		};
/* End PBXProject section */

/* Begin PBXResourcesBuildPhase section */
		545103F62EC913AF00189D90 /* Resources */ = {
			isa = PBXResourcesBuildPhase;
			buildActionMask = 2147483647;
			files = (
			);
			runOnlyForDeploymentPostprocessing = 0;
		};
		5451040C2EC913B100189D90 /* Resources */ = {
			isa = PBXResourcesBuildPhase;
			buildActionMask = 2147483647;
			files = (
			);
			runOnlyForDeploymentPostprocessing = 0;
		};
		545104162EC913B100189D90 /* Resources */ = {
			isa = PBXResourcesBuildPhase;
			buildActionMask = 2147483647;
			files = (
			);
			runOnlyForDeploymentPostprocessing = 0;
		};
/* End PBXResourcesBuildPhase section */

/* Begin PBXSourcesBuildPhase section */
		545103F42EC913AF00189D90 /* Sources */ = {
			isa = PBXSourcesBuildPhase;
			buildActionMask = 2147483647;
			files = (
			);
			runOnlyForDeploymentPostprocessing = 0;
		};
		5451040A2EC913B100189D90 /* Sources */ = {
			isa = PBXSourcesBuildPhase;
			buildActionMask = 2147483647;
			files = (
			);
			runOnlyForDeploymentPostprocessing = 0;
		};
		545104142EC913B100189D90 /* Sources */ = {
			isa = PBXSourcesBuildPhase;
			buildActionMask = 2147483647;
			files = (
			);
			runOnlyForDeploymentPostprocessing = 0;
		};
/* End PBXSourcesBuildPhase section */

/* Begin PBXTargetDependency section */
		545104102EC913B100189D90 /* PBXTargetDependency */ = {
			isa = PBXTargetDependency;
			target = 545103F72EC913AF00189D90 /* ReadAndRoad */;
			targetProxy = 5451040F2EC913B100189D90 /* PBXContainerItemProxy */;
		};
		5451041A2EC913B100189D90 /* PBXTargetDependency */ = {
			isa = PBXTargetDependency;
			target = 545103F72EC913AF00189D90 /* ReadAndRoad */;
			targetProxy = 545104192EC913B100189D90 /* PBXContainerItemProxy */;
		};
/* End PBXTargetDependency section */

/* Begin XCBuildConfiguration section */
		545104222EC913B100189D90 /* Debug */ = {
			isa = XCBuildConfiguration;
			buildSettings = {
				ASSETCATALOG_COMPILER_APPICON_NAME = AppIcon;
				ASSETCATALOG_COMPILER_GLOBAL_ACCENT_COLOR_NAME = AccentColor;
				CODE_SIGN_STYLE = Automatic;
				CURRENT_PROJECT_VERSION = 1;
				DEVELOPMENT_TEAM = Y4BNKJNN8N;
				GENERATE_INFOPLIST_FILE = YES;
				INFOPLIST_FILE = ReadAndRoad/Info.plist;
				INFOPLIST_KEY_UIApplicationSupportsIndirectInputEvents = YES;
				INFOPLIST_KEY_UILaunchStoryboardName = LaunchScreen;
				INFOPLIST_KEY_UIMainStoryboardFile = Main;
				INFOPLIST_KEY_UISupportedInterfaceOrientations_iPad = "UIInterfaceOrientationPortrait UIInterfaceOrientationPortraitUpsideDown UIInterfaceOrientationLandscapeLeft UIInterfaceOrientationLandscapeRight";
				INFOPLIST_KEY_UISupportedInterfaceOrientations_iPhone = "UIInterfaceOrientationPortrait UIInterfaceOrientationLandscapeLeft UIInterfaceOrientationLandscapeRight";
				LD_RUNPATH_SEARCH_PATHS = (
					"$(inherited)",
					"@executable_path/Frameworks",
				);
				MARKETING_VERSION = 1.0;
				PRODUCT_BUNDLE_IDENTIFIER = com.weiqinggao.ReadAndRoad;
				PRODUCT_NAME = "$(TARGET_NAME)";
				SUPPORTED_PLATFORMS = "iphoneos iphonesimulator";
				SUPPORTS_MACCATALYST = NO;
				SUPPORTS_XR_DESIGNED_FOR_IPHONE_IPAD = NO;
				SWIFT_EMIT_LOC_STRINGS = YES;
				SWIFT_VERSION = 5.0;
				TARGETED_DEVICE_FAMILY = "1,2";
			};
			name = Debug;
		};
		545104232EC913B100189D90 /* Release */ = {
			isa = XCBuildConfiguration;
			buildSettings = {
				ASSETCATALOG_COMPILER_APPICON_NAME = AppIcon;
				ASSETCATALOG_COMPILER_GLOBAL_ACCENT_COLOR_NAME = AccentColor;
				CODE_SIGN_STYLE = Automatic;
				CURRENT_PROJECT_VERSION = 1;
				DEVELOPMENT_TEAM = Y4BNKJNN8N;
				GENERATE_INFOPLIST_FILE = YES;
				INFOPLIST_FILE = ReadAndRoad/Info.plist;
				INFOPLIST_KEY_UIApplicationSupportsIndirectInputEvents = YES;
				INFOPLIST_KEY_UILaunchStoryboardName = LaunchScreen;
				INFOPLIST_KEY_UIMainStoryboardFile = Main;
				INFOPLIST_KEY_UISupportedInterfaceOrientations_iPad = "UIInterfaceOrientationPortrait UIInterfaceOrientationPortraitUpsideDown UIInterfaceOrientationLandscapeLeft UIInterfaceOrientationLandscapeRight";
				INFOPLIST_KEY_UISupportedInterfaceOrientations_iPhone = "UIInterfaceOrientationPortrait UIInterfaceOrientationLandscapeLeft UIInterfaceOrientationLandscapeRight";
				LD_RUNPATH_SEARCH_PATHS = (
					"$(inherited)",
					"@executable_path/Frameworks",
				);
				MARKETING_VERSION = 1.0;
				PRODUCT_BUNDLE_IDENTIFIER = com.weiqinggao.ReadAndRoad;
				PRODUCT_NAME = "$(TARGET_NAME)";
				SUPPORTED_PLATFORMS = "iphoneos iphonesimulator";
				SUPPORTS_MACCATALYST = NO;
				SUPPORTS_XR_DESIGNED_FOR_IPHONE_IPAD = NO;
				SWIFT_EMIT_LOC_STRINGS = YES;
				SWIFT_VERSION = 5.0;
				TARGETED_DEVICE_FAMILY = "1,2";
			};
			name = Release;
		};
		545104242EC913B100189D90 /* Debug */ = {
			isa = XCBuildConfiguration;
			buildSettings = {
				ALWAYS_SEARCH_USER_PATHS = NO;
				ASSETCATALOG_COMPILER_GENERATE_SWIFT_ASSET_SYMBOL_EXTENSIONS = YES;
				CLANG_ANALYZER_NONNULL = YES;
				CLANG_ANALYZER_NUMBER_OBJECT_CONVERSION = YES_AGGRESSIVE;
				CLANG_CXX_LANGUAGE_STANDARD = "gnu++20";
				CLANG_ENABLE_MODULES = YES;
				CLANG_ENABLE_OBJC_ARC = YES;
				CLANG_ENABLE_OBJC_WEAK = YES;
				CLANG_WARN_BLOCK_CAPTURE_AUTORELEASING = YES;
				CLANG_WARN_BOOL_CONVERSION = YES;
				CLANG_WARN_COMMA = YES;
				CLANG_WARN_CONSTANT_CONVERSION = YES;
				CLANG_WARN_DEPRECATED_OBJC_IMPLEMENTATIONS = YES;
				CLANG_WARN_DIRECT_OBJC_ISA_USAGE = YES_ERROR;
				CLANG_WARN_DOCUMENTATION_COMMENTS = YES;
				CLANG_WARN_EMPTY_BODY = YES;
				CLANG_WARN_ENUM_CONVERSION = YES;
				CLANG_WARN_INFINITE_RECURSION = YES;
				CLANG_WARN_INT_CONVERSION = YES;
				CLANG_WARN_NON_LITERAL_NULL_CONVERSION = YES;
				CLANG_WARN_OBJC_IMPLICIT_RETAIN_SELF = YES;
				CLANG_WARN_OBJC_LITERAL_CONVERSION = YES;
				CLANG_WARN_OBJC_ROOT_CLASS = YES_ERROR;
				CLANG_WARN_QUOTED_INCLUDE_IN_FRAMEWORK_HEADER = YES;
				CLANG_WARN_RANGE_LOOP_ANALYSIS = YES;
				CLANG_WARN_STRICT_PROTOTYPES = YES;
				CLANG_WARN_SUSPICIOUS_MOVE = YES;
				CLANG_WARN_UNGUARDED_AVAILABILITY = YES_AGGRESSIVE;
				CLANG_WARN_UNREACHABLE_CODE = YES;
				CLANG_WARN__DUPLICATE_METHOD_MATCH = YES;
				COPY_PHASE_STRIP = NO;
				DEBUG_INFORMATION_FORMAT = dwarf;
				ENABLE_STRICT_OBJC_MSGSEND = YES;
				ENABLE_TESTABILITY = YES;
				ENABLE_USER_SCRIPT_SANDBOXING = NO;
				GCC_C_LANGUAGE_STANDARD = gnu17;
				GCC_DYNAMIC_NO_PIC = NO;
				GCC_NO_COMMON_BLOCKS = YES;
				GCC_OPTIMIZATION_LEVEL = 0;
				GCC_PREPROCESSOR_DEFINITIONS = (
					"DEBUG=1",
					"$(inherited)",
				);
				GCC_WARN_64_TO_32_BIT_CONVERSION = YES;
				GCC_WARN_ABOUT_RETURN_TYPE = YES_ERROR;
				GCC_WARN_UNDECLARED_SELECTOR = YES;
				GCC_WARN_UNINITIALIZED_AUTOS = YES_AGGRESSIVE;
				GCC_WARN_UNUSED_FUNCTION = YES;
				GCC_WARN_UNUSED_VARIABLE = YES;
				IPHONEOS_DEPLOYMENT_TARGET = 18.2;
				LOCALIZATION_PREFERS_STRING_CATALOGS = YES;
				MTL_ENABLE_DEBUG_INFO = INCLUDE_SOURCE;
				MTL_FAST_MATH = YES;
				ONLY_ACTIVE_ARCH = YES;
				SDKROOT = iphoneos;
				SWIFT_ACTIVE_COMPILATION_CONDITIONS = "DEBUG $(inherited)";
				SWIFT_OPTIMIZATION_LEVEL = "-Onone";
			};
			name = Debug;
		};
		545104252EC913B100189D90 /* Release */ = {
			isa = XCBuildConfiguration;
			buildSettings = {
				ALWAYS_SEARCH_USER_PATHS = NO;
				ASSETCATALOG_COMPILER_GENERATE_SWIFT_ASSET_SYMBOL_EXTENSIONS = YES;
				CLANG_ANALYZER_NONNULL = YES;
				CLANG_ANALYZER_NUMBER_OBJECT_CONVERSION = YES_AGGRESSIVE;
				CLANG_CXX_LANGUAGE_STANDARD = "gnu++20";
				CLANG_ENABLE_MODULES = YES;
				CLANG_ENABLE_OBJC_ARC = YES;
				CLANG_ENABLE_OBJC_WEAK = YES;
				CLANG_WARN_BLOCK_CAPTURE_AUTORELEASING = YES;
				CLANG_WARN_BOOL_CONVERSION = YES;
				CLANG_WARN_COMMA = YES;
				CLANG_WARN_CONSTANT_CONVERSION = YES;
				CLANG_WARN_DEPRECATED_OBJC_IMPLEMENTATIONS = YES;
				CLANG_WARN_DIRECT_OBJC_ISA_USAGE = YES_ERROR;
				CLANG_WARN_DOCUMENTATION_COMMENTS = YES;
				CLANG_WARN_EMPTY_BODY = YES;
				CLANG_WARN_ENUM_CONVERSION = YES;
				CLANG_WARN_INFINITE_RECURSION = YES;
				CLANG_WARN_INT_CONVERSION = YES;
				CLANG_WARN_NON_LITERAL_NULL_CONVERSION = YES;
				CLANG_WARN_OBJC_IMPLICIT_RETAIN_SELF = YES;
				CLANG_WARN_OBJC_LITERAL_CONVERSION = YES;
				CLANG_WARN_OBJC_ROOT_CLASS = YES_ERROR;
				CLANG_WARN_QUOTED_INCLUDE_IN_FRAMEWORK_HEADER = YES;
				CLANG_WARN_RANGE_LOOP_ANALYSIS = YES;
				CLANG_WARN_STRICT_PROTOTYPES = YES;
				CLANG_WARN_SUSPICIOUS_MOVE = YES;
				CLANG_WARN_UNGUARDED_AVAILABILITY = YES_AGGRESSIVE;
				CLANG_WARN_UNREACHABLE_CODE = YES;
				CLANG_WARN__DUPLICATE_METHOD_MATCH = YES;
				COPY_PHASE_STRIP = NO;
				DEBUG_INFORMATION_FORMAT = "dwarf-with-dsym";
				ENABLE_NS_ASSERTIONS = NO;
				ENABLE_STRICT_OBJC_MSGSEND = YES;
				ENABLE_USER_SCRIPT_SANDBOXING = NO;
				GCC_C_LANGUAGE_STANDARD = gnu17;
				GCC_NO_COMMON_BLOCKS = YES;
				GCC_WARN_64_TO_32_BIT_CONVERSION = YES;
				GCC_WARN_ABOUT_RETURN_TYPE = YES_ERROR;
				GCC_WARN_UNDECLARED_SELECTOR = YES;
				GCC_WARN_UNINITIALIZED_AUTOS = YES_AGGRESSIVE;
				GCC_WARN_UNUSED_FUNCTION = YES;
				GCC_WARN_UNUSED_VARIABLE = YES;
				IPHONEOS_DEPLOYMENT_TARGET = 18.2;
				LOCALIZATION_PREFERS_STRING_CATALOGS = YES;
				MTL_ENABLE_DEBUG_INFO = NO;
				MTL_FAST_MATH = YES;
				SDKROOT = iphoneos;
				SWIFT_COMPILATION_MODE = wholemodule;
				VALIDATE_PRODUCT = YES;
			};
			name = Release;
		};
		545104272EC913B100189D90 /* Debug */ = {
			isa = XCBuildConfiguration;
			buildSettings = {
				BUNDLE_LOADER = "$(TEST_HOST)";
				CODE_SIGN_STYLE = Automatic;
				CURRENT_PROJECT_VERSION = 1;
				DEVELOPMENT_TEAM = Y4BNKJNN8N;
				GENERATE_INFOPLIST_FILE = YES;
				IPHONEOS_DEPLOYMENT_TARGET = 18.2;
				MARKETING_VERSION = 1.0;
				PRODUCT_BUNDLE_IDENTIFIER = com.weiqinggao.ReadAndRoadTests;
				PRODUCT_NAME = "$(TARGET_NAME)";
				SWIFT_EMIT_LOC_STRINGS = NO;
				SWIFT_VERSION = 5.0;
				TARGETED_DEVICE_FAMILY = "1,2";
				TEST_HOST = "$(BUILT_PRODUCTS_DIR)/ReadAndRoad.app/$(BUNDLE_EXECUTABLE_FOLDER_PATH)/ReadAndRoad";
			};
			name = Debug;
		};
		545104282EC913B100189D90 /* Release */ = {
			isa = XCBuildConfiguration;
			buildSettings = {
				BUNDLE_LOADER = "$(TEST_HOST)";
				CODE_SIGN_STYLE = Automatic;
				CURRENT_PROJECT_VERSION = 1;
				DEVELOPMENT_TEAM = Y4BNKJNN8N;
				GENERATE_INFOPLIST_FILE = YES;
				IPHONEOS_DEPLOYMENT_TARGET = 18.2;
				MARKETING_VERSION = 1.0;
				PRODUCT_BUNDLE_IDENTIFIER = com.weiqinggao.ReadAndRoadTests;
				PRODUCT_NAME = "$(TARGET_NAME)";
				SWIFT_EMIT_LOC_STRINGS = NO;
				SWIFT_VERSION = 5.0;
				TARGETED_DEVICE_FAMILY = "1,2";
				TEST_HOST = "$(BUILT_PRODUCTS_DIR)/ReadAndRoad.app/$(BUNDLE_EXECUTABLE_FOLDER_PATH)/ReadAndRoad";
			};
			name = Release;
		};
		5451042A2EC913B100189D90 /* Debug */ = {
			isa = XCBuildConfiguration;
			buildSettings = {
				CODE_SIGN_STYLE = Automatic;
				CURRENT_PROJECT_VERSION = 1;
				DEVELOPMENT_TEAM = Y4BNKJNN8N;
				GENERATE_INFOPLIST_FILE = YES;
				MARKETING_VERSION = 1.0;
				PRODUCT_BUNDLE_IDENTIFIER = com.weiqinggao.ReadAndRoadUITests;
				PRODUCT_NAME = "$(TARGET_NAME)";
				SWIFT_EMIT_LOC_STRINGS = NO;
				SWIFT_VERSION = 5.0;
				TARGETED_DEVICE_FAMILY = "1,2";
				TEST_TARGET_NAME = ReadAndRoad;
			};
			name = Debug;
		};
		5451042B2EC913B100189D90 /* Release */ = {
			isa = XCBuildConfiguration;
			buildSettings = {
				CODE_SIGN_STYLE = Automatic;
				CURRENT_PROJECT_VERSION = 1;
				DEVELOPMENT_TEAM = Y4BNKJNN8N;
				GENERATE_INFOPLIST_FILE = YES;
				MARKETING_VERSION = 1.0;
				PRODUCT_BUNDLE_IDENTIFIER = com.weiqinggao.ReadAndRoadUITests;
				PRODUCT_NAME = "$(TARGET_NAME)";
				SWIFT_EMIT_LOC_STRINGS = NO;
				SWIFT_VERSION = 5.0;
				TARGETED_DEVICE_FAMILY = "1,2";
				TEST_TARGET_NAME = ReadAndRoad;
			};
			name = Release;
		};
/* End XCBuildConfiguration section */

/* Begin XCConfigurationList section */
		545103F32EC913AF00189D90 /* Build configuration list for PBXProject "ReadAndRoad" */ = {
			isa = XCConfigurationList;
			buildConfigurations = (
				545104242EC913B100189D90 /* Debug */,
				545104252EC913B100189D90 /* Release */,
			);
			defaultConfigurationIsVisible = 0;
			defaultConfigurationName = Release;
		};
		545104212EC913B100189D90 /* Build configuration list for PBXNativeTarget "ReadAndRoad" */ = {
			isa = XCConfigurationList;
			buildConfigurations = (
				545104222EC913B100189D90 /* Debug */,
				545104232EC913B100189D90 /* Release */,
			);
			defaultConfigurationIsVisible = 0;
			defaultConfigurationName = Release;
		};
		545104262EC913B100189D90 /* Build configuration list for PBXNativeTarget "ReadAndRoadTests" */ = {
			isa = XCConfigurationList;
			buildConfigurations = (
				545104272EC913B100189D90 /* Debug */,
				545104282EC913B100189D90 /* Release */,
			);
			defaultConfigurationIsVisible = 0;
			defaultConfigurationName = Release;
		};
		545104292EC913B100189D90 /* Build configuration list for PBXNativeTarget "ReadAndRoadUITests" */ = {
			isa = XCConfigurationList;
			buildConfigurations = (
				5451042A2EC913B100189D90 /* Debug */,
				5451042B2EC913B100189D90 /* Release */,
			);
			defaultConfigurationIsVisible = 0;
			defaultConfigurationName = Release;
		};
/* End XCConfigurationList section */

/* Begin XCRemoteSwiftPackageReference section */
		5451045B2EC93BD600189D90 /* XCRemoteSwiftPackageReference "firebase-ios-sdk" */ = {
			isa = XCRemoteSwiftPackageReference;
			repositoryURL = "https://github.com/firebase/firebase-ios-sdk";
			requirement = {
				kind = upToNextMajorVersion;
				minimumVersion = 12.6.0;
			};
		};
		545104702EC9558800189D90 /* XCRemoteSwiftPackageReference "Alamofire" */ = {
			isa = XCRemoteSwiftPackageReference;
			repositoryURL = "https://github.com/Alamofire/Alamofire.git";
			requirement = {
				kind = upToNextMajorVersion;
				minimumVersion = 5.10.2;
			};
		};
/* End XCRemoteSwiftPackageReference section */

/* Begin XCSwiftPackageProductDependency section */
		5451045C2EC93BD600189D90 /* FirebaseAnalytics */ = {
			isa = XCSwiftPackageProductDependency;
			package = 5451045B2EC93BD600189D90 /* XCRemoteSwiftPackageReference "firebase-ios-sdk" */;
			productName = FirebaseAnalytics;
		};
		5451045E2EC93BD600189D90 /* FirebaseAuth */ = {
			isa = XCSwiftPackageProductDependency;
			package = 5451045B2EC93BD600189D90 /* XCRemoteSwiftPackageReference "firebase-ios-sdk" */;
			productName = FirebaseAuth;
		};
		545104602EC93BD600189D90 /* FirebaseDatabase */ = {
			isa = XCSwiftPackageProductDependency;
			package = 5451045B2EC93BD600189D90 /* XCRemoteSwiftPackageReference "firebase-ios-sdk" */;
			productName = FirebaseDatabase;
		};
		545104622EC93BD600189D90 /* FirebaseFirestore */ = {
			isa = XCSwiftPackageProductDependency;
			package = 5451045B2EC93BD600189D90 /* XCRemoteSwiftPackageReference "firebase-ios-sdk" */;
			productName = FirebaseFirestore;
		};
		545104642EC93BD600189D90 /* FirebaseMessaging */ = {
			isa = XCSwiftPackageProductDependency;
			package = 5451045B2EC93BD600189D90 /* XCRemoteSwiftPackageReference "firebase-ios-sdk" */;
			productName = FirebaseMessaging;
		};
		545104662EC93BD600189D90 /* FirebaseStorage */ = {
			isa = XCSwiftPackageProductDependency;
			package = 5451045B2EC93BD600189D90 /* XCRemoteSwiftPackageReference "firebase-ios-sdk" */;
			productName = FirebaseStorage;
		};
		545104712EC9558800189D90 /* Alamofire */ = {
			isa = XCSwiftPackageProductDependency;
			package = 545104702EC9558800189D90 /* XCRemoteSwiftPackageReference "Alamofire" */;
			productName = Alamofire;
		};
/* End XCSwiftPackageProductDependency section */
	};
	rootObject = 545103F02EC913AF00189D90 /* Project object */;
}
